
Microsoft Visual Studio Solution File, Format Version 12.00
# Visual Studio Version 17
VisualStudioVersion = 17.2.32630.192
MinimumVisualStudioVersion = 10.0.40219.1
Project("{FAE04EC0-301F-11D3-BF4B-00C04F79EFBC}") = "projetoFinal", "projetoFinal.csproj", "{DEFCBAD8-00A1-4258-8B63-70D8C9B2EF58}"
EndProject
Global
	GlobalSection(SolutionConfigurationPlatforms) = preSolution
		Debug|Any CPU = Debug|Any CPU
		Release|Any CPU = Release|Any CPU
	EndGlobalSection
	GlobalSection(ProjectConfigurationPlatforms) = postSolution
		{DEFCBAD8-00A1-4258-8B63-70D8C9B2EF58}.Debug|Any CPU.ActiveCfg = Debug|Any CPU
		{DEFCBAD8-00A1-4258-8B63-70D8C9B2EF58}.Debug|Any CPU.Build.0 = Debug|Any CPU
		{DEFCBAD8-00A1-4258-8B63-70D8C9B2EF58}.Release|Any CPU.ActiveCfg = Release|Any CPU
		{DEFCBAD8-00A1-4258-8B63-70D8C9B2EF58}.Release|Any CPU.Build.0 = Release|Any CPU
	EndGlobalSection
	GlobalSection(SolutionProperties) = preSolution
		HideSolutionNode = FALSE
	EndGlobalSection
	GlobalSection(ExtensibilityGlobals) = postSolution
		SolutionGuid = {EFD2E384-2CEB-4EC4-A1E4-993D6C7F8D6D}
	EndGlobalSection
EndGlobal
